
Microsoft Visual Studio Solution File, Format Version 12.00
# Visual Studio Version 16
VisualStudioVersion = 16.0.33214.272
MinimumVisualStudioVersion = 10.0.40219.1
Project("{FAE04EC0-301F-11D3-BF4B-00C04F79EFBC}") = "AsterixDecoder", "AsterixDecoder\AsterixDecoder.csproj", "{03F4D448-5656-4398-B017-3DD2426CBA0D}"
EndProject
Project("{2150E333-8FDC-42A3-9474-1A3956D46DE8}") = "Solution Items", "Solution Items", "{CEA68EDC-8413-4F9F-9AB3-DA1788466AB0}"
EndProject
Project("{54435603-DBB4-11D2-8724-00A0C9A8B90C}") = "AsTeRiX_Decoder", "AsTeRiX_Decoder\AsTeRiX_Decoder.vdproj", "{536001A3-4948-4168-9743-7EB92CEC5FB8}"
EndProject
Global
	GlobalSection(SolutionConfigurationPlatforms) = preSolution
		Debug|Any CPU = Debug|Any CPU
		Release|Any CPU = Release|Any CPU
	EndGlobalSection
	GlobalSection(ProjectConfigurationPlatforms) = postSolution
		{03F4D448-5656-4398-B017-3DD2426CBA0D}.Debug|Any CPU.ActiveCfg = Debug|Any CPU
		{03F4D448-5656-4398-B017-3DD2426CBA0D}.Debug|Any CPU.Build.0 = Debug|Any CPU
		{03F4D448-5656-4398-B017-3DD2426CBA0D}.Release|Any CPU.ActiveCfg = Release|Any CPU
		{03F4D448-5656-4398-B017-3DD2426CBA0D}.Release|Any CPU.Build.0 = Release|Any CPU
		{536001A3-4948-4168-9743-7EB92CEC5FB8}.Debug|Any CPU.ActiveCfg = Release
		{536001A3-4948-4168-9743-7EB92CEC5FB8}.Release|Any CPU.ActiveCfg = Release
	EndGlobalSection
	GlobalSection(SolutionProperties) = preSolution
		HideSolutionNode = FALSE
	EndGlobalSection
	GlobalSection(ExtensibilityGlobals) = postSolution
		SolutionGuid = {0EA079FD-5B48-46B9-A751-B93834B86CBE}
	EndGlobalSection
EndGlobal
